
Microsoft Visual Studio Solution File, Format Version 12.00
# Visual Studio Version 16
VisualStudioVersion = 16.0.31025.194
MinimumVisualStudioVersion = 10.0.40219.1
Project("{9A19103F-16F7-4668-BE54-9A1E7A4F7556}") = "ProjectManager.Domain", "ProjectManager.Domain\ProjectManager.Domain.csproj", "{D1A14983-FF62-4367-B53B-027D2476EC78}"
EndProject
Project("{9A19103F-16F7-4668-BE54-9A1E7A4F7556}") = "ProjectManager.Loader", "ProjectManager.Loader\ProjectManager.Loader.csproj", "{F236D18B-CF11-41C5-A87B-62714280E438}"
EndProject
Project("{9A19103F-16F7-4668-BE54-9A1E7A4F7556}") = "ProjectManager.UI", "ProjectManager.UI\ProjectManager.UI.csproj", "{6523C092-8C26-4C3C-B36C-873DDA78A751}"
EndProject
Project("{9A19103F-16F7-4668-BE54-9A1E7A4F7556}") = "ProjectManager.Website", "ProjectManager.Website\ProjectManager.Website.csproj", "{E90E64EF-9AD3-41F5-B1BD-EFF10CC63661}"
EndProject
Project("{9A19103F-16F7-4668-BE54-9A1E7A4F7556}") = "ProjectManager.EFData", "ProjectManager.EFData\ProjectManager.EFData.csproj", "{F196118B-3283-4275-BE32-FDC3F51B4624}"
EndProject
Project("{9A19103F-16F7-4668-BE54-9A1E7A4F7556}") = "ProjectManager.Application", "ProjectManager.Application\ProjectManager.Application.csproj", "{5915CDB7-C34B-438F-B6C6-AA5F9BFF48B8}"
EndProject
Project("{9A19103F-16F7-4668-BE54-9A1E7A4F7556}") = "ProjectManager.Infrastructure", "ProjectManager.Infrastructure\ProjectManager.Infrastructure.csproj", "{17845B19-DE26-4117-ADF1-7E1FC5CE7E73}"
EndProject
Global
	GlobalSection(SolutionConfigurationPlatforms) = preSolution
		Debug|Any CPU = Debug|Any CPU
		Release|Any CPU = Release|Any CPU
	EndGlobalSection
	GlobalSection(ProjectConfigurationPlatforms) = postSolution
		{D1A14983-FF62-4367-B53B-027D2476EC78}.Debug|Any CPU.ActiveCfg = Debug|Any CPU
		{D1A14983-FF62-4367-B53B-027D2476EC78}.Debug|Any CPU.Build.0 = Debug|Any CPU
		{D1A14983-FF62-4367-B53B-027D2476EC78}.Release|Any CPU.ActiveCfg = Release|Any CPU
		{D1A14983-FF62-4367-B53B-027D2476EC78}.Release|Any CPU.Build.0 = Release|Any CPU
		{F236D18B-CF11-41C5-A87B-62714280E438}.Debug|Any CPU.ActiveCfg = Debug|Any CPU
		{F236D18B-CF11-41C5-A87B-62714280E438}.Debug|Any CPU.Build.0 = Debug|Any CPU
		{F236D18B-CF11-41C5-A87B-62714280E438}.Release|Any CPU.ActiveCfg = Release|Any CPU
		{F236D18B-CF11-41C5-A87B-62714280E438}.Release|Any CPU.Build.0 = Release|Any CPU
		{6523C092-8C26-4C3C-B36C-873DDA78A751}.Debug|Any CPU.ActiveCfg = Debug|Any CPU
		{6523C092-8C26-4C3C-B36C-873DDA78A751}.Debug|Any CPU.Build.0 = Debug|Any CPU
		{6523C092-8C26-4C3C-B36C-873DDA78A751}.Release|Any CPU.ActiveCfg = Release|Any CPU
		{6523C092-8C26-4C3C-B36C-873DDA78A751}.Release|Any CPU.Build.0 = Release|Any CPU
		{E90E64EF-9AD3-41F5-B1BD-EFF10CC63661}.Debug|Any CPU.ActiveCfg = Debug|Any CPU
		{E90E64EF-9AD3-41F5-B1BD-EFF10CC63661}.Debug|Any CPU.Build.0 = Debug|Any CPU
		{E90E64EF-9AD3-41F5-B1BD-EFF10CC63661}.Release|Any CPU.ActiveCfg = Release|Any CPU
		{E90E64EF-9AD3-41F5-B1BD-EFF10CC63661}.Release|Any CPU.Build.0 = Release|Any CPU
		{F196118B-3283-4275-BE32-FDC3F51B4624}.Debug|Any CPU.ActiveCfg = Debug|Any CPU
		{F196118B-3283-4275-BE32-FDC3F51B4624}.Debug|Any CPU.Build.0 = Debug|Any CPU
		{F196118B-3283-4275-BE32-FDC3F51B4624}.Release|Any CPU.ActiveCfg = Release|Any CPU
		{F196118B-3283-4275-BE32-FDC3F51B4624}.Release|Any CPU.Build.0 = Release|Any CPU
		{5915CDB7-C34B-438F-B6C6-AA5F9BFF48B8}.Debug|Any CPU.ActiveCfg = Debug|Any CPU
		{5915CDB7-C34B-438F-B6C6-AA5F9BFF48B8}.Debug|Any CPU.Build.0 = Debug|Any CPU
		{5915CDB7-C34B-438F-B6C6-AA5F9BFF48B8}.Release|Any CPU.ActiveCfg = Release|Any CPU
		{5915CDB7-C34B-438F-B6C6-AA5F9BFF48B8}.Release|Any CPU.Build.0 = Release|Any CPU
		{17845B19-DE26-4117-ADF1-7E1FC5CE7E73}.Debug|Any CPU.ActiveCfg = Debug|Any CPU
		{17845B19-DE26-4117-ADF1-7E1FC5CE7E73}.Debug|Any CPU.Build.0 = Debug|Any CPU
		{17845B19-DE26-4117-ADF1-7E1FC5CE7E73}.Release|Any CPU.ActiveCfg = Release|Any CPU
		{17845B19-DE26-4117-ADF1-7E1FC5CE7E73}.Release|Any CPU.Build.0 = Release|Any CPU
	EndGlobalSection
	GlobalSection(SolutionProperties) = preSolution
		HideSolutionNode = FALSE
	EndGlobalSection
	GlobalSection(ExtensibilityGlobals) = postSolution
		SolutionGuid = {5A60E581-16F2-4763-8DAC-302FD68A37C4}
	EndGlobalSection
EndGlobal
